<?xml version="1.0" encoding="utf-8"?>
<Project ToolsVersion="4.0" xmlns="http://schemas.microsoft.com/developer/msbuild/2003">
  <ItemGroup>
    <Filter Include="Source Files">
      <UniqueIdentifier>{4FC737F1-C7A5-4376-A066-2A32D752A2FF}</UniqueIdentifier>
      <Extensions>cpp;c;cc;cxx;def;odl;idl;hpj;bat;asm;asmx</Extensions>
    </Filter>
    <Filter Include="Header Files">
      <UniqueIdentifier>{93995380-89BD-4b04-88EB-625FBE52EBFB}</UniqueIdentifier>
      <Extensions>h;hh;hpp;hxx;hm;inl;inc;xsd</Extensions>
    </Filter>
    <Filter Include="Resource Files">
      <UniqueIdentifier>{67DA6AB6-F800-4c08-8B7A-83BB121AAD01}</UniqueIdentifier>
      <Extensions>rc;ico;cur;bmp;dlg;rc2;rct;bin;rgs;gif;jpg;jpeg;jpe;resx;tiff;tif;png;wav;mfcribbon-ms</Extensions>
    </Filter>
    <Filter Include="Source Files\Engine">
      <UniqueIdentifier>{17f6291e-5a5e-4554-863d-63d9f87a9f42}</UniqueIdentifier>
    </Filter>
    <Filter Include="Header Files\Engine">
      <UniqueIdentifier>{b83f3dbe-61f1-4f24-bfae-36c06198e265}</UniqueIdentifier>
    </Filter>
    <Filter Include="Header Files\Game">
      <UniqueIdentifier>{7ab1c75a-1f81-463f-b662-d00b8fc24d12}</UniqueIdentifier>
    </Filter>
    <Filter Include="Source Files\Game">
      <UniqueIdentifier>{06aac456-17cd-4d5f-a6f8-a4ea23b56176}</UniqueIdentifier>
    </Filter>
  </ItemGroup>
  <ItemGroup>
    <ClCompile Include="TowerDefence.cpp">
      <Filter>Source Files</Filter>
    </ClCompile>
    <ClCompile Include="Engine\Graphics.cpp">
      <Filter>Source Files\Engine</Filter>
    </ClCompile>
    <ClCompile Include="Engine\InterfaceManager.cpp">
      <Filter>Source Files\Engine</Filter>
    </ClCompile>
    <ClCompile Include="Engine\Object.cpp">
      <Filter>Source Files\Engine</Filter>
    </ClCompile>
    <ClCompile Include="Engine\Physics.cpp">
      <Filter>Source Files\Engine</Filter>
    </ClCompile>
    <ClCompile Include="Engine\Profiling.cpp">
      <Filter>Source Files\Engine</Filter>
    </ClCompile>
    <ClCompile Include="Engine\ResourceManager.cpp">
      <Filter>Source Files\Engine</Filter>
    </ClCompile>
    <ClCompile Include="Engine\Audio.cpp">
      <Filter>Source Files\Engine</Filter>
    </ClCompile>
    <ClCompile Include="Game\Cursor.cpp">
      <Filter>Source Files\Game</Filter>
    </ClCompile>
    <ClCompile Include="Game\Game.cpp">
      <Filter>Source Files\Game</Filter>
    </ClCompile>
    <ClCompile Include="Engine\Engine.cpp">
      <Filter>Source Files\Engine</Filter>
    </ClCompile>
    <ClCompile Include="Game\Tower.cpp">
      <Filter>Source Files\Game</Filter>
    </ClCompile>
    <ClCompile Include="Game\Map.cpp">
      <Filter>Source Files\Game</Filter>
    </ClCompile>
    <ClCompile Include="Engine\AStar.cpp">
      <Filter>Source Files\Engine</Filter>
    </ClCompile>
    <ClCompile Include="Game\Enemy.cpp">
      <Filter>Source Files\Game</Filter>
    </ClCompile>
  </ItemGroup>
  <ItemGroup>
    <ClInclude Include="Engine\Audio.h">
      <Filter>Header Files\Engine</Filter>
    </ClInclude>
    <ClInclude Include="Engine\Graphics.h">
      <Filter>Header Files\Engine</Filter>
    </ClInclude>
    <ClInclude Include="Engine\InterfaceManager.h">
      <Filter>Header Files\Engine</Filter>
    </ClInclude>
    <ClInclude Include="Engine\Object.h">
      <Filter>Header Files\Engine</Filter>
    </ClInclude>
    <ClInclude Include="Engine\Physics.h">
      <Filter>Header Files\Engine</Filter>
    </ClInclude>
    <ClInclude Include="Engine\Profiling.h">
      <Filter>Header Files\Engine</Filter>
    </ClInclude>
    <ClInclude Include="Engine\ResourceManager.h">
      <Filter>Header Files\Engine</Filter>
    </ClInclude>
    <ClInclude Include="Game\Constants.h">
      <Filter>Header Files\Game</Filter>
    </ClInclude>
    <ClInclude Include="Game\Cursor.h">
      <Filter>Header Files\Game</Filter>
    </ClInclude>
    <ClInclude Include="Game\Game.h">
      <Filter>Header Files\Game</Filter>
    </ClInclude>
    <ClInclude Include="Engine\Engine.h">
      <Filter>Header Files\Engine</Filter>
    </ClInclude>
    <ClInclude Include="Game\Tower.h">
      <Filter>Header Files\Game</Filter>
    </ClInclude>
    <ClInclude Include="Game\Map.h">
      <Filter>Header Files\Game</Filter>
    </ClInclude>
    <ClInclude Include="Engine\AStar.h">
      <Filter>Header Files\Engine</Filter>
    </ClInclude>
    <ClInclude Include="Game\Enemy.h">
      <Filter>Header Files\Game</Filter>
    </ClInclude>
  </ItemGroup>
</Project>